
Microsoft Visual Studio Solution File, Format Version 12.00
# Visual Studio Version 17
VisualStudioVersion = 17.0.32014.148
MinimumVisualStudioVersion = 10.0.40219.1
Project("{FAE04EC0-301F-11D3-BF4B-00C04F79EFBC}") = "For", "For\For.csproj", "{F1F19B49-7709-4C63-98AC-DB321AEAF160}"
EndProject
Global
	GlobalSection(SolutionConfigurationPlatforms) = preSolution
		Debug|Any CPU = Debug|Any CPU
		Release|Any CPU = Release|Any CPU
	EndGlobalSection
	GlobalSection(ProjectConfigurationPlatforms) = postSolution
		{F1F19B49-7709-4C63-98AC-DB321AEAF160}.Debug|Any CPU.ActiveCfg = Debug|Any CPU
		{F1F19B49-7709-4C63-98AC-DB321AEAF160}.Debug|Any CPU.Build.0 = Debug|Any CPU
		{F1F19B49-7709-4C63-98AC-DB321AEAF160}.Release|Any CPU.ActiveCfg = Release|Any CPU
		{F1F19B49-7709-4C63-98AC-DB321AEAF160}.Release|Any CPU.Build.0 = Release|Any CPU
	EndGlobalSection
	GlobalSection(SolutionProperties) = preSolution
		HideSolutionNode = FALSE
	EndGlobalSection
	GlobalSection(ExtensibilityGlobals) = postSolution
		SolutionGuid = {3A182A44-550F-4A72-AE85-5F96E97883DB}
	EndGlobalSection
EndGlobal
